<?xml version="1.0" encoding="utf-8"?>
<Project ToolsVersion="4.0" xmlns="http://schemas.microsoft.com/developer/msbuild/2003">
  <ItemGroup>
    <Filter Include="Cpp">
      <UniqueIdentifier>{98b00344-ed9a-4277-a674-945308866638}</UniqueIdentifier>
    </Filter>
    <Filter Include="Headers">
      <UniqueIdentifier>{c1579151-d34f-4ce6-b58b-980c2da9454e}</UniqueIdentifier>
    </Filter>
  </ItemGroup>
  <ItemGroup>
    <ClCompile Include="Cpp\main.cpp">
      <Filter>Cpp</Filter>
    </ClCompile>
    <ClCompile Include="Cpp\player.cpp">
      <Filter>Cpp</Filter>
    </ClCompile>
    <ClCompile Include="Cpp\screens.cpp">
      <Filter>Cpp</Filter>
    </ClCompile>
  </ItemGroup>
  <ItemGroup>
    <ClInclude Include="Headers\player.h">
      <Filter>Headers</Filter>
    </ClInclude>
    <ClInclude Include="Headers\screens.h">
      <Filter>Headers</Filter>
    </ClInclude>
  </ItemGroup>
</Project>